
Microsoft Visual Studio Solution File, Format Version 12.00
# Visual Studio Version 17
VisualStudioVersion = 17.7.34024.191
MinimumVisualStudioVersion = 10.0.40219.1
Project("{FAE04EC0-301F-11D3-BF4B-00C04F79EFBC}") = "PhoneMarket.UI", "PhoneMarket.UI\PhoneMarket.UI.csproj", "{F0174A69-12AE-4315-9AC7-95B930B7C1C6}"
EndProject
Project("{FAE04EC0-301F-11D3-BF4B-00C04F79EFBC}") = "Domain", "Domain\Domain.csproj", "{DA56BA03-0777-4E5B-9298-1FBC64244BE7}"
EndProject
Project("{FAE04EC0-301F-11D3-BF4B-00C04F79EFBC}") = "Application", "Application\Application.csproj", "{CE806D96-3AE1-4BBA-8A15-7DFA384B7234}"
EndProject
Project("{FAE04EC0-301F-11D3-BF4B-00C04F79EFBC}") = "Infrastucture", "Infrastucture\Infrastucture.csproj", "{9CD5352E-AAA1-4742-81B7-4BB65F415D95}"
EndProject
Global
	GlobalSection(SolutionConfigurationPlatforms) = preSolution
		Debug|Any CPU = Debug|Any CPU
		Release|Any CPU = Release|Any CPU
	EndGlobalSection
	GlobalSection(ProjectConfigurationPlatforms) = postSolution
		{F0174A69-12AE-4315-9AC7-95B930B7C1C6}.Debug|Any CPU.ActiveCfg = Debug|Any CPU
		{F0174A69-12AE-4315-9AC7-95B930B7C1C6}.Debug|Any CPU.Build.0 = Debug|Any CPU
		{F0174A69-12AE-4315-9AC7-95B930B7C1C6}.Release|Any CPU.ActiveCfg = Release|Any CPU
		{F0174A69-12AE-4315-9AC7-95B930B7C1C6}.Release|Any CPU.Build.0 = Release|Any CPU
		{DA56BA03-0777-4E5B-9298-1FBC64244BE7}.Debug|Any CPU.ActiveCfg = Debug|Any CPU
		{DA56BA03-0777-4E5B-9298-1FBC64244BE7}.Debug|Any CPU.Build.0 = Debug|Any CPU
		{DA56BA03-0777-4E5B-9298-1FBC64244BE7}.Release|Any CPU.ActiveCfg = Release|Any CPU
		{DA56BA03-0777-4E5B-9298-1FBC64244BE7}.Release|Any CPU.Build.0 = Release|Any CPU
		{CE806D96-3AE1-4BBA-8A15-7DFA384B7234}.Debug|Any CPU.ActiveCfg = Debug|Any CPU
		{CE806D96-3AE1-4BBA-8A15-7DFA384B7234}.Debug|Any CPU.Build.0 = Debug|Any CPU
		{CE806D96-3AE1-4BBA-8A15-7DFA384B7234}.Release|Any CPU.ActiveCfg = Release|Any CPU
		{CE806D96-3AE1-4BBA-8A15-7DFA384B7234}.Release|Any CPU.Build.0 = Release|Any CPU
		{9CD5352E-AAA1-4742-81B7-4BB65F415D95}.Debug|Any CPU.ActiveCfg = Debug|Any CPU
		{9CD5352E-AAA1-4742-81B7-4BB65F415D95}.Debug|Any CPU.Build.0 = Debug|Any CPU
		{9CD5352E-AAA1-4742-81B7-4BB65F415D95}.Release|Any CPU.ActiveCfg = Release|Any CPU
		{9CD5352E-AAA1-4742-81B7-4BB65F415D95}.Release|Any CPU.Build.0 = Release|Any CPU
	EndGlobalSection
	GlobalSection(SolutionProperties) = preSolution
		HideSolutionNode = FALSE
	EndGlobalSection
	GlobalSection(ExtensibilityGlobals) = postSolution
		SolutionGuid = {A4A0A264-75DD-49B3-83E0-C5AE65948837}
	EndGlobalSection
EndGlobal
